// !$*UTF8*$!
{
	archiveVersion = 1;
	classes = {
	};
	objectVersion = 60;
	objects = {

/* Begin PBXBuildFile section */
		000000000000000000000001 /* PipelineApp.swift in Sources */ = {isa = PBXBuildFile; fileRef = 100000000000000000000001 /* PipelineApp.swift */; };
		000000000000000000000002 /* ContentView.swift in Sources */ = {isa = PBXBuildFile; fileRef = 100000000000000000000002 /* ContentView.swift */; };
		000000000000000000000003 /* Assets.xcassets in Resources */ = {isa = PBXBuildFile; fileRef = 100000000000000000000003 /* Assets.xcassets */; };
		000000000000000000000004 /* JobApplication.swift in Sources */ = {isa = PBXBuildFile; fileRef = 100000000000000000000004 /* JobApplication.swift */; };
		000000000000000000000005 /* InterviewLog.swift in Sources */ = {isa = PBXBuildFile; fileRef = 100000000000000000000005 /* InterviewLog.swift */; };
		000000000000000000000006 /* SidebarFilter.swift in Sources */ = {isa = PBXBuildFile; fileRef = 100000000000000000000006 /* SidebarFilter.swift */; };
		000000000000000000000013 /* ApplicationListViewModel.swift in Sources */ = {isa = PBXBuildFile; fileRef = 100000000000000000000013 /* ApplicationListViewModel.swift */; };
		000000000000000000000014 /* ApplicationDetailViewModel.swift in Sources */ = {isa = PBXBuildFile; fileRef = 100000000000000000000014 /* ApplicationDetailViewModel.swift */; };
		000000000000000000000015 /* AddEditApplicationViewModel.swift in Sources */ = {isa = PBXBuildFile; fileRef = 100000000000000000000015 /* AddEditApplicationViewModel.swift */; };
		000000000000000000000016 /* SettingsViewModel.swift in Sources */ = {isa = PBXBuildFile; fileRef = 100000000000000000000016 /* SettingsViewModel.swift */; };
		000000000000000000000017 /* AIParsingViewModel.swift in Sources */ = {isa = PBXBuildFile; fileRef = 100000000000000000000017 /* AIParsingViewModel.swift */; };
		000000000000000000000018 /* MainView.swift in Sources */ = {isa = PBXBuildFile; fileRef = 100000000000000000000018 /* MainView.swift */; };
		000000000000000000000019 /* SidebarView.swift in Sources */ = {isa = PBXBuildFile; fileRef = 100000000000000000000019 /* SidebarView.swift */; };
		000000000000000000000020 /* ApplicationListView.swift in Sources */ = {isa = PBXBuildFile; fileRef = 100000000000000000000020 /* ApplicationListView.swift */; };
		000000000000000000000021 /* StatsBarView.swift in Sources */ = {isa = PBXBuildFile; fileRef = 100000000000000000000021 /* StatsBarView.swift */; };
		000000000000000000000022 /* JobCardView.swift in Sources */ = {isa = PBXBuildFile; fileRef = 100000000000000000000022 /* JobCardView.swift */; };
		000000000000000000000023 /* JobDetailView.swift in Sources */ = {isa = PBXBuildFile; fileRef = 100000000000000000000023 /* JobDetailView.swift */; };
		000000000000000000000024 /* JobDetailHeaderView.swift in Sources */ = {isa = PBXBuildFile; fileRef = 100000000000000000000024 /* JobDetailHeaderView.swift */; };
		000000000000000000000025 /* JobDetailFieldsView.swift in Sources */ = {isa = PBXBuildFile; fileRef = 100000000000000000000025 /* JobDetailFieldsView.swift */; };
		000000000000000000000026 /* InterviewStageIndicator.swift in Sources */ = {isa = PBXBuildFile; fileRef = 100000000000000000000026 /* InterviewStageIndicator.swift */; };
		000000000000000000000027 /* JobDescriptionView.swift in Sources */ = {isa = PBXBuildFile; fileRef = 100000000000000000000027 /* JobDescriptionView.swift */; };
		000000000000000000000028 /* InterviewHistoryView.swift in Sources */ = {isa = PBXBuildFile; fileRef = 100000000000000000000028 /* InterviewHistoryView.swift */; };
		000000000000000000000029 /* AddApplicationView.swift in Sources */ = {isa = PBXBuildFile; fileRef = 100000000000000000000029 /* AddApplicationView.swift */; };
		000000000000000000000030 /* ManualEntryFormView.swift in Sources */ = {isa = PBXBuildFile; fileRef = 100000000000000000000030 /* ManualEntryFormView.swift */; };
		000000000000000000000031 /* AIParseFormView.swift in Sources */ = {isa = PBXBuildFile; fileRef = 100000000000000000000031 /* AIParseFormView.swift */; };
		000000000000000000000032 /* EditApplicationView.swift in Sources */ = {isa = PBXBuildFile; fileRef = 100000000000000000000032 /* EditApplicationView.swift */; };
		000000000000000000000033 /* AddInterviewLogView.swift in Sources */ = {isa = PBXBuildFile; fileRef = 100000000000000000000033 /* AddInterviewLogView.swift */; };
		000000000000000000000034 /* SettingsView.swift in Sources */ = {isa = PBXBuildFile; fileRef = 100000000000000000000034 /* SettingsView.swift */; };
		000000000000000000000035 /* AppearanceSettingsView.swift in Sources */ = {isa = PBXBuildFile; fileRef = 100000000000000000000035 /* AppearanceSettingsView.swift */; };
		000000000000000000000036 /* AIProviderSettingsView.swift in Sources */ = {isa = PBXBuildFile; fileRef = 100000000000000000000036 /* AIProviderSettingsView.swift */; };
		000000000000000000000037 /* StatusBadge.swift in Sources */ = {isa = PBXBuildFile; fileRef = 100000000000000000000037 /* StatusBadge.swift */; };
		000000000000000000000038 /* PriorityFlag.swift in Sources */ = {isa = PBXBuildFile; fileRef = 100000000000000000000038 /* PriorityFlag.swift */; };
		000000000000000000000039 /* PlatformIcon.swift in Sources */ = {isa = PBXBuildFile; fileRef = 100000000000000000000039 /* PlatformIcon.swift */; };
		000000000000000000000040 /* CompanyAvatar.swift in Sources */ = {isa = PBXBuildFile; fileRef = 100000000000000000000040 /* CompanyAvatar.swift */; };
		000000000000000000000041 /* SearchBar.swift in Sources */ = {isa = PBXBuildFile; fileRef = 100000000000000000000041 /* SearchBar.swift */; };
		000000000000000000000042 /* StarRating.swift in Sources */ = {isa = PBXBuildFile; fileRef = 100000000000000000000042 /* StarRating.swift */; };
		000000000000000000000043 /* SalaryRangeDisplay.swift in Sources */ = {isa = PBXBuildFile; fileRef = 100000000000000000000043 /* SalaryRangeDisplay.swift */; };
		000000000000000000000044 /* AIServiceProtocol.swift in Sources */ = {isa = PBXBuildFile; fileRef = 100000000000000000000044 /* AIServiceProtocol.swift */; };
		000000000000000000000045 /* OpenAIService.swift in Sources */ = {isa = PBXBuildFile; fileRef = 100000000000000000000045 /* OpenAIService.swift */; };
		000000000000000000000046 /* AnthropicService.swift in Sources */ = {isa = PBXBuildFile; fileRef = 100000000000000000000046 /* AnthropicService.swift */; };
		000000000000000000000047 /* GeminiService.swift in Sources */ = {isa = PBXBuildFile; fileRef = 100000000000000000000047 /* GeminiService.swift */; };
		000000000000000000000048 /* KeychainService.swift in Sources */ = {isa = PBXBuildFile; fileRef = 100000000000000000000048 /* KeychainService.swift */; };
		000000000000000000000050 /* PlatformDetectionService.swift in Sources */ = {isa = PBXBuildFile; fileRef = 100000000000000000000050 /* PlatformDetectionService.swift */; };
		000000000000000000000051 /* NotificationService.swift in Sources */ = {isa = PBXBuildFile; fileRef = 100000000000000000000051 /* NotificationService.swift */; };
		000000000000000000000052 /* DateFormatters.swift in Sources */ = {isa = PBXBuildFile; fileRef = 100000000000000000000052 /* DateFormatters.swift */; };
		000000000000000000000053 /* URLHelpers.swift in Sources */ = {isa = PBXBuildFile; fileRef = 100000000000000000000053 /* URLHelpers.swift */; };
		000000000000000000000054 /* Constants.swift in Sources */ = {isa = PBXBuildFile; fileRef = 100000000000000000000054 /* Constants.swift */; };
		000000000000000000000056 /* KanbanViewModel.swift in Sources */ = {isa = PBXBuildFile; fileRef = 100000000000000000000056 /* KanbanViewModel.swift */; };
		000000000000000000000057 /* KanbanCardView.swift in Sources */ = {isa = PBXBuildFile; fileRef = 100000000000000000000057 /* KanbanCardView.swift */; };
		000000000000000000000058 /* KanbanColumnView.swift in Sources */ = {isa = PBXBuildFile; fileRef = 100000000000000000000058 /* KanbanColumnView.swift */; };
		000000000000000000000059 /* KanbanBoardView.swift in Sources */ = {isa = PBXBuildFile; fileRef = 100000000000000000000059 /* KanbanBoardView.swift */; };
		000000000000000000000060 /* InterviewPrepViewModel.swift in Sources */ = {isa = PBXBuildFile; fileRef = 100000000000000000000060 /* InterviewPrepViewModel.swift */; };
		000000000000000000000061 /* InterviewPrepView.swift in Sources */ = {isa = PBXBuildFile; fileRef = 100000000000000000000061 /* InterviewPrepView.swift */; };
		000000000000000000000062 /* FollowUpDrafterViewModel.swift in Sources */ = {isa = PBXBuildFile; fileRef = 100000000000000000000062 /* FollowUpDrafterViewModel.swift */; };
		000000000000000000000063 /* FollowUpDrafterView.swift in Sources */ = {isa = PBXBuildFile; fileRef = 100000000000000000000063 /* FollowUpDrafterView.swift */; };
		000000000000000000000064 /* DashboardViewModel.swift in Sources */ = {isa = PBXBuildFile; fileRef = 100000000000000000000064 /* DashboardViewModel.swift */; };
		000000000000000000000065 /* DashboardView.swift in Sources */ = {isa = PBXBuildFile; fileRef = 100000000000000000000065 /* DashboardView.swift */; };
		000000000000000000000066 /* ResumeWorkspaceView.swift in Sources */ = {isa = PBXBuildFile; fileRef = 100000000000000000000066 /* ResumeWorkspaceView.swift */; };
		000000000000000000000067 /* ResumeServices.swift in Sources */ = {isa = PBXBuildFile; fileRef = 100000000000000000000067 /* ResumeServices.swift */; };
		000000000000000000000068 /* ResumeTemplate.json in Resources */ = {isa = PBXBuildFile; fileRef = 100000000000000000000068 /* ResumeTemplate.json */; };
		000000000000000000000069 /* ResumeFonts in Resources */ = {isa = PBXBuildFile; fileRef = 100000000000000000000069 /* ResumeFonts */; };
		000000000000000000000070 /* ChainedVerticalScrollContainer.swift in Sources */ = {isa = PBXBuildFile; fileRef = 100000000000000000000070 /* ChainedVerticalScrollContainer.swift */; };
		000000000000000000000071 /* AIUsageLedgerService.swift in Sources */ = {isa = PBXBuildFile; fileRef = 100000000000000000000071 /* AIUsageLedgerService.swift */; };
		000000000000000000000072 /* AIPricingDefaults.swift in Sources */ = {isa = PBXBuildFile; fileRef = 100000000000000000000072 /* AIPricingDefaults.swift */; };
		000000000000000000000073 /* CostCenterView.swift in Sources */ = {isa = PBXBuildFile; fileRef = 100000000000000000000073 /* CostCenterView.swift */; };
		000000000000000000000076 /* MainDestination.swift in Sources */ = {isa = PBXBuildFile; fileRef = 100000000000000000000076 /* MainDestination.swift */; };
		000000000000000000000077 /* ContactsListViewModel.swift in Sources */ = {isa = PBXBuildFile; fileRef = 100000000000000000000077 /* ContactsListViewModel.swift */; };
		000000000000000000000078 /* ContactsListView.swift in Sources */ = {isa = PBXBuildFile; fileRef = 100000000000000000000078 /* ContactsListView.swift */; };
		000000000000000000000079 /* ContactDetailView.swift in Sources */ = {isa = PBXBuildFile; fileRef = 100000000000000000000079 /* ContactDetailView.swift */; };
		000000000000000000000080 /* ContactEditorView.swift in Sources */ = {isa = PBXBuildFile; fileRef = 100000000000000000000080 /* ContactEditorView.swift */; };
		000000000000000000000081 /* ManageApplicationContactsView.swift in Sources */ = {isa = PBXBuildFile; fileRef = 100000000000000000000081 /* ManageApplicationContactsView.swift */; };
		000000000000000000000082 /* ActivityEditorView.swift in Sources */ = {isa = PBXBuildFile; fileRef = 100000000000000000000082 /* ActivityEditorView.swift */; };
		000000000000000000000083 /* LogSentEmailView.swift in Sources */ = {isa = PBXBuildFile; fileRef = 100000000000000000000083 /* LogSentEmailView.swift */; };
		000000000000000000000084 /* ApplicationTimelineView.swift in Sources */ = {isa = PBXBuildFile; fileRef = 100000000000000000000084 /* ApplicationTimelineView.swift */; };
		000000000000000000000085 /* ApplicationContactsSection.swift in Sources */ = {isa = PBXBuildFile; fileRef = 100000000000000000000085 /* ApplicationContactsSection.swift */; };
		000000000000000000000074 /* tectonic in Resources */ = {isa = PBXBuildFile; fileRef = 100000000000000000000074 /* tectonic */; };
		000000000000000000000075 /* ResumeTemplate.tex in Resources */ = {isa = PBXBuildFile; fileRef = 100000000000000000000075 /* ResumeTemplate.tex */; };
		800000000000000000000001 /* PipelineKit in Frameworks */ = {isa = PBXBuildFile; productRef = 900000000000000000000001 /* PipelineKit */; };
		A00000000000000000000010 /* SafariWebExtensionHandler.swift in Sources */ = {isa = PBXBuildFile; fileRef = A01000000000000000000010 /* SafariWebExtensionHandler.swift */; };
		A00000000000000000000020 /* manifest.json in Resources */ = {isa = PBXBuildFile; fileRef = A01000000000000000000020 /* manifest.json */; };
		A00000000000000000000030 /* content.js in Resources */ = {isa = PBXBuildFile; fileRef = A01000000000000000000030 /* content.js */; };
		A00000000000000000000040 /* background.js in Resources */ = {isa = PBXBuildFile; fileRef = A01000000000000000000040 /* background.js */; };
		A00000000000000000000050 /* popup.html in Resources */ = {isa = PBXBuildFile; fileRef = A01000000000000000000050 /* popup.html */; };
		A00000000000000000000060 /* popup.js in Resources */ = {isa = PBXBuildFile; fileRef = A01000000000000000000060 /* popup.js */; };
		A00000000000000000000070 /* popup.css in Resources */ = {isa = PBXBuildFile; fileRef = A01000000000000000000070 /* popup.css */; };
		A000000000000000000000B0 /* icon-16.png in Resources */ = {isa = PBXBuildFile; fileRef = A010000000000000000000D0 /* icon-16.png */; };
		A000000000000000000000C0 /* icon-48.png in Resources */ = {isa = PBXBuildFile; fileRef = A010000000000000000000E0 /* icon-48.png */; };
		A000000000000000000000D0 /* icon-128.png in Resources */ = {isa = PBXBuildFile; fileRef = A010000000000000000000F0 /* icon-128.png */; };
		A00000000000000000000080 /* SafariServices.framework in Frameworks */ = {isa = PBXBuildFile; fileRef = A01000000000000000000100 /* SafariServices.framework */; };
		A00000000000000000000090 /* PipelineKit in Frameworks */ = {isa = PBXBuildFile; productRef = A09000000000000000000010 /* PipelineKit */; };
		A00000000000000000000100 /* PipelineSafariExtension.appex in Embed App Extensions */ = {isa = PBXBuildFile; fileRef = A01000000000000000000200 /* PipelineSafariExtension.appex */; platformFilters = (macos, ); settings = {ATTRIBUTES = (RemoveHeadersOnCopy, ); }; };
		B00000000000000000000010 /* main.swift in Sources */ = {isa = PBXBuildFile; fileRef = B01000000000000000000010 /* main.swift */; };
		B00000000000000000000020 /* NativeMessageHandler.swift in Sources */ = {isa = PBXBuildFile; fileRef = B01000000000000000000020 /* NativeMessageHandler.swift */; };
		B00000000000000000000030 /* PipelineKit in Frameworks */ = {isa = PBXBuildFile; productRef = B09000000000000000000010 /* PipelineKit */; };
		B00000000000000000000100 /* PipelineNativeHost in Embed Executables */ = {isa = PBXBuildFile; fileRef = B01000000000000000000200 /* PipelineNativeHost */; platformFilters = (macos, ); settings = {ATTRIBUTES = (RemoveHeadersOnCopy, ); }; };
/* End PBXBuildFile section */

/* Begin PBXContainerItemProxy section */
		A08000000000000000000010 /* PBXContainerItemProxy */ = {
			isa = PBXContainerItemProxy;
			containerPortal = 600000000000000000000001 /* Project object */;
			proxyType = 1;
			remoteGlobalIDString = A04000000000000000010010;
			remoteInfo = PipelineSafariExtension;
		};
		B08000000000000000000010 /* PBXContainerItemProxy */ = {
			isa = PBXContainerItemProxy;
			containerPortal = 600000000000000000000001 /* Project object */;
			proxyType = 1;
			remoteGlobalIDString = B04000000000000000010010;
			remoteInfo = PipelineNativeHost;
		};
/* End PBXContainerItemProxy section */

/* Begin PBXCopyFilesBuildPhase section */
		A04000000000000000000100 /* Embed App Extensions */ = {
			isa = PBXCopyFilesBuildPhase;
			buildActionMask = 2147483647;
			dstPath = "";
			dstSubfolderSpec = 13;
			files = (
				A00000000000000000000100 /* PipelineSafariExtension.appex in Embed App Extensions */,
			);
			name = "Embed App Extensions";
			runOnlyForDeploymentPostprocessing = 0;
		};
		B04000000000000000000100 /* Embed Executables */ = {
			isa = PBXCopyFilesBuildPhase;
			buildActionMask = 2147483647;
			dstPath = "";
			dstSubfolderSpec = 6;
			files = (
				B00000000000000000000100 /* PipelineNativeHost in Embed Executables */,
			);
			name = "Embed Executables";
			runOnlyForDeploymentPostprocessing = 0;
		};
/* End PBXCopyFilesBuildPhase section */

/* Begin PBXFileReference section */
		100000000000000000000000 /* Pipeline.app */ = {isa = PBXFileReference; explicitFileType = wrapper.application; includeInIndex = 0; path = Pipeline.app; sourceTree = BUILT_PRODUCTS_DIR; };
		100000000000000000000001 /* PipelineApp.swift */ = {isa = PBXFileReference; lastKnownFileType = sourcecode.swift; path = PipelineApp.swift; sourceTree = "<group>"; };
		100000000000000000000002 /* ContentView.swift */ = {isa = PBXFileReference; lastKnownFileType = sourcecode.swift; path = ContentView.swift; sourceTree = "<group>"; };
		100000000000000000000003 /* Assets.xcassets */ = {isa = PBXFileReference; lastKnownFileType = folder.assetcatalog; path = Assets.xcassets; sourceTree = "<group>"; };
		100000000000000000000004 /* JobApplication.swift */ = {isa = PBXFileReference; lastKnownFileType = sourcecode.swift; path = JobApplication.swift; sourceTree = "<group>"; };
		100000000000000000000005 /* InterviewLog.swift */ = {isa = PBXFileReference; lastKnownFileType = sourcecode.swift; path = InterviewLog.swift; sourceTree = "<group>"; };
		100000000000000000000006 /* SidebarFilter.swift */ = {isa = PBXFileReference; lastKnownFileType = sourcecode.swift; path = SidebarFilter.swift; sourceTree = "<group>"; };
		100000000000000000000013 /* ApplicationListViewModel.swift */ = {isa = PBXFileReference; lastKnownFileType = sourcecode.swift; path = ApplicationListViewModel.swift; sourceTree = "<group>"; };
		100000000000000000000014 /* ApplicationDetailViewModel.swift */ = {isa = PBXFileReference; lastKnownFileType = sourcecode.swift; path = ApplicationDetailViewModel.swift; sourceTree = "<group>"; };
		100000000000000000000015 /* AddEditApplicationViewModel.swift */ = {isa = PBXFileReference; lastKnownFileType = sourcecode.swift; path = AddEditApplicationViewModel.swift; sourceTree = "<group>"; };
		100000000000000000000016 /* SettingsViewModel.swift */ = {isa = PBXFileReference; lastKnownFileType = sourcecode.swift; path = SettingsViewModel.swift; sourceTree = "<group>"; };
		100000000000000000000017 /* AIParsingViewModel.swift */ = {isa = PBXFileReference; lastKnownFileType = sourcecode.swift; path = AIParsingViewModel.swift; sourceTree = "<group>"; };
		100000000000000000000018 /* MainView.swift */ = {isa = PBXFileReference; lastKnownFileType = sourcecode.swift; path = MainView.swift; sourceTree = "<group>"; };
		100000000000000000000019 /* SidebarView.swift */ = {isa = PBXFileReference; lastKnownFileType = sourcecode.swift; path = SidebarView.swift; sourceTree = "<group>"; };
		100000000000000000000020 /* ApplicationListView.swift */ = {isa = PBXFileReference; lastKnownFileType = sourcecode.swift; path = ApplicationListView.swift; sourceTree = "<group>"; };
		100000000000000000000021 /* StatsBarView.swift */ = {isa = PBXFileReference; lastKnownFileType = sourcecode.swift; path = StatsBarView.swift; sourceTree = "<group>"; };
		100000000000000000000022 /* JobCardView.swift */ = {isa = PBXFileReference; lastKnownFileType = sourcecode.swift; path = JobCardView.swift; sourceTree = "<group>"; };
		100000000000000000000023 /* JobDetailView.swift */ = {isa = PBXFileReference; lastKnownFileType = sourcecode.swift; path = JobDetailView.swift; sourceTree = "<group>"; };
		100000000000000000000024 /* JobDetailHeaderView.swift */ = {isa = PBXFileReference; lastKnownFileType = sourcecode.swift; path = JobDetailHeaderView.swift; sourceTree = "<group>"; };
		100000000000000000000025 /* JobDetailFieldsView.swift */ = {isa = PBXFileReference; lastKnownFileType = sourcecode.swift; path = JobDetailFieldsView.swift; sourceTree = "<group>"; };
		100000000000000000000026 /* InterviewStageIndicator.swift */ = {isa = PBXFileReference; lastKnownFileType = sourcecode.swift; path = InterviewStageIndicator.swift; sourceTree = "<group>"; };
		100000000000000000000027 /* JobDescriptionView.swift */ = {isa = PBXFileReference; lastKnownFileType = sourcecode.swift; path = JobDescriptionView.swift; sourceTree = "<group>"; };
		100000000000000000000028 /* InterviewHistoryView.swift */ = {isa = PBXFileReference; lastKnownFileType = sourcecode.swift; path = InterviewHistoryView.swift; sourceTree = "<group>"; };
		100000000000000000000029 /* AddApplicationView.swift */ = {isa = PBXFileReference; lastKnownFileType = sourcecode.swift; path = AddApplicationView.swift; sourceTree = "<group>"; };
		100000000000000000000030 /* ManualEntryFormView.swift */ = {isa = PBXFileReference; lastKnownFileType = sourcecode.swift; path = ManualEntryFormView.swift; sourceTree = "<group>"; };
		100000000000000000000031 /* AIParseFormView.swift */ = {isa = PBXFileReference; lastKnownFileType = sourcecode.swift; path = AIParseFormView.swift; sourceTree = "<group>"; };
		100000000000000000000032 /* EditApplicationView.swift */ = {isa = PBXFileReference; lastKnownFileType = sourcecode.swift; path = EditApplicationView.swift; sourceTree = "<group>"; };
		100000000000000000000033 /* AddInterviewLogView.swift */ = {isa = PBXFileReference; lastKnownFileType = sourcecode.swift; path = AddInterviewLogView.swift; sourceTree = "<group>"; };
		100000000000000000000034 /* SettingsView.swift */ = {isa = PBXFileReference; lastKnownFileType = sourcecode.swift; path = SettingsView.swift; sourceTree = "<group>"; };
		100000000000000000000035 /* AppearanceSettingsView.swift */ = {isa = PBXFileReference; lastKnownFileType = sourcecode.swift; path = AppearanceSettingsView.swift; sourceTree = "<group>"; };
		100000000000000000000036 /* AIProviderSettingsView.swift */ = {isa = PBXFileReference; lastKnownFileType = sourcecode.swift; path = AIProviderSettingsView.swift; sourceTree = "<group>"; };
		100000000000000000000037 /* StatusBadge.swift */ = {isa = PBXFileReference; lastKnownFileType = sourcecode.swift; path = StatusBadge.swift; sourceTree = "<group>"; };
		100000000000000000000038 /* PriorityFlag.swift */ = {isa = PBXFileReference; lastKnownFileType = sourcecode.swift; path = PriorityFlag.swift; sourceTree = "<group>"; };
		100000000000000000000039 /* PlatformIcon.swift */ = {isa = PBXFileReference; lastKnownFileType = sourcecode.swift; path = PlatformIcon.swift; sourceTree = "<group>"; };
		100000000000000000000040 /* CompanyAvatar.swift */ = {isa = PBXFileReference; lastKnownFileType = sourcecode.swift; path = CompanyAvatar.swift; sourceTree = "<group>"; };
		100000000000000000000041 /* SearchBar.swift */ = {isa = PBXFileReference; lastKnownFileType = sourcecode.swift; path = SearchBar.swift; sourceTree = "<group>"; };
		100000000000000000000042 /* StarRating.swift */ = {isa = PBXFileReference; lastKnownFileType = sourcecode.swift; path = StarRating.swift; sourceTree = "<group>"; };
		100000000000000000000043 /* SalaryRangeDisplay.swift */ = {isa = PBXFileReference; lastKnownFileType = sourcecode.swift; path = SalaryRangeDisplay.swift; sourceTree = "<group>"; };
		100000000000000000000044 /* AIServiceProtocol.swift */ = {isa = PBXFileReference; lastKnownFileType = sourcecode.swift; path = AIServiceProtocol.swift; sourceTree = "<group>"; };
		100000000000000000000045 /* OpenAIService.swift */ = {isa = PBXFileReference; lastKnownFileType = sourcecode.swift; path = OpenAIService.swift; sourceTree = "<group>"; };
		100000000000000000000046 /* AnthropicService.swift */ = {isa = PBXFileReference; lastKnownFileType = sourcecode.swift; path = AnthropicService.swift; sourceTree = "<group>"; };
		100000000000000000000047 /* GeminiService.swift */ = {isa = PBXFileReference; lastKnownFileType = sourcecode.swift; path = GeminiService.swift; sourceTree = "<group>"; };
		100000000000000000000048 /* KeychainService.swift */ = {isa = PBXFileReference; lastKnownFileType = sourcecode.swift; path = KeychainService.swift; sourceTree = "<group>"; };
		100000000000000000000050 /* PlatformDetectionService.swift */ = {isa = PBXFileReference; lastKnownFileType = sourcecode.swift; path = PlatformDetectionService.swift; sourceTree = "<group>"; };
		100000000000000000000051 /* NotificationService.swift */ = {isa = PBXFileReference; lastKnownFileType = sourcecode.swift; path = NotificationService.swift; sourceTree = "<group>"; };
		100000000000000000000052 /* DateFormatters.swift */ = {isa = PBXFileReference; lastKnownFileType = sourcecode.swift; path = DateFormatters.swift; sourceTree = "<group>"; };
		100000000000000000000053 /* URLHelpers.swift */ = {isa = PBXFileReference; lastKnownFileType = sourcecode.swift; path = URLHelpers.swift; sourceTree = "<group>"; };
		100000000000000000000054 /* Constants.swift */ = {isa = PBXFileReference; lastKnownFileType = sourcecode.swift; path = Constants.swift; sourceTree = "<group>"; };
		100000000000000000000055 /* Pipeline.entitlements */ = {isa = PBXFileReference; lastKnownFileType = text.plist.entitlements; path = Pipeline.entitlements; sourceTree = "<group>"; };
		100000000000000000000056 /* KanbanViewModel.swift */ = {isa = PBXFileReference; lastKnownFileType = sourcecode.swift; path = KanbanViewModel.swift; sourceTree = "<group>"; };
		100000000000000000000057 /* KanbanCardView.swift */ = {isa = PBXFileReference; lastKnownFileType = sourcecode.swift; path = KanbanCardView.swift; sourceTree = "<group>"; };
		100000000000000000000058 /* KanbanColumnView.swift */ = {isa = PBXFileReference; lastKnownFileType = sourcecode.swift; path = KanbanColumnView.swift; sourceTree = "<group>"; };
		100000000000000000000059 /* KanbanBoardView.swift */ = {isa = PBXFileReference; lastKnownFileType = sourcecode.swift; path = KanbanBoardView.swift; sourceTree = "<group>"; };
		100000000000000000000060 /* InterviewPrepViewModel.swift */ = {isa = PBXFileReference; lastKnownFileType = sourcecode.swift; path = InterviewPrepViewModel.swift; sourceTree = "<group>"; };
		100000000000000000000061 /* InterviewPrepView.swift */ = {isa = PBXFileReference; lastKnownFileType = sourcecode.swift; path = InterviewPrepView.swift; sourceTree = "<group>"; };
		100000000000000000000062 /* FollowUpDrafterViewModel.swift */ = {isa = PBXFileReference; lastKnownFileType = sourcecode.swift; path = FollowUpDrafterViewModel.swift; sourceTree = "<group>"; };
		100000000000000000000063 /* FollowUpDrafterView.swift */ = {isa = PBXFileReference; lastKnownFileType = sourcecode.swift; path = FollowUpDrafterView.swift; sourceTree = "<group>"; };
		100000000000000000000064 /* DashboardViewModel.swift */ = {isa = PBXFileReference; lastKnownFileType = sourcecode.swift; path = DashboardViewModel.swift; sourceTree = "<group>"; };
		100000000000000000000065 /* DashboardView.swift */ = {isa = PBXFileReference; lastKnownFileType = sourcecode.swift; path = DashboardView.swift; sourceTree = "<group>"; };
		100000000000000000000066 /* ResumeWorkspaceView.swift */ = {isa = PBXFileReference; lastKnownFileType = sourcecode.swift; path = ResumeWorkspaceView.swift; sourceTree = "<group>"; };
		100000000000000000000067 /* ResumeServices.swift */ = {isa = PBXFileReference; lastKnownFileType = sourcecode.swift; path = ResumeServices.swift; sourceTree = "<group>"; };
		100000000000000000000068 /* ResumeTemplate.json */ = {isa = PBXFileReference; lastKnownFileType = text.json; path = ResumeTemplate.json; sourceTree = "<group>"; };
		100000000000000000000069 /* ResumeFonts */ = {isa = PBXFileReference; lastKnownFileType = folder; path = ResumeFonts; sourceTree = "<group>"; };
		100000000000000000000070 /* ChainedVerticalScrollContainer.swift */ = {isa = PBXFileReference; lastKnownFileType = sourcecode.swift; path = ChainedVerticalScrollContainer.swift; sourceTree = "<group>"; };
		100000000000000000000071 /* AIUsageLedgerService.swift */ = {isa = PBXFileReference; lastKnownFileType = sourcecode.swift; path = AIUsageLedgerService.swift; sourceTree = "<group>"; };
		100000000000000000000072 /* AIPricingDefaults.swift */ = {isa = PBXFileReference; lastKnownFileType = sourcecode.swift; path = AIPricingDefaults.swift; sourceTree = "<group>"; };
		100000000000000000000073 /* CostCenterView.swift */ = {isa = PBXFileReference; lastKnownFileType = sourcecode.swift; path = CostCenterView.swift; sourceTree = "<group>"; };
		100000000000000000000074 /* tectonic */ = {isa = PBXFileReference; lastKnownFileType = "compiled.mach-o.executable"; path = tectonic; sourceTree = "<group>"; };
		100000000000000000000075 /* ResumeTemplate.tex */ = {isa = PBXFileReference; lastKnownFileType = text; path = ResumeTemplate.tex; sourceTree = "<group>"; };
		100000000000000000000076 /* MainDestination.swift */ = {isa = PBXFileReference; lastKnownFileType = sourcecode.swift; path = MainDestination.swift; sourceTree = "<group>"; };
		100000000000000000000077 /* ContactsListViewModel.swift */ = {isa = PBXFileReference; lastKnownFileType = sourcecode.swift; path = ContactsListViewModel.swift; sourceTree = "<group>"; };
		100000000000000000000078 /* ContactsListView.swift */ = {isa = PBXFileReference; lastKnownFileType = sourcecode.swift; path = ContactsListView.swift; sourceTree = "<group>"; };
		100000000000000000000079 /* ContactDetailView.swift */ = {isa = PBXFileReference; lastKnownFileType = sourcecode.swift; path = ContactDetailView.swift; sourceTree = "<group>"; };
		100000000000000000000080 /* ContactEditorView.swift */ = {isa = PBXFileReference; lastKnownFileType = sourcecode.swift; path = ContactEditorView.swift; sourceTree = "<group>"; };
		100000000000000000000081 /* ManageApplicationContactsView.swift */ = {isa = PBXFileReference; lastKnownFileType = sourcecode.swift; path = ManageApplicationContactsView.swift; sourceTree = "<group>"; };
		100000000000000000000082 /* ActivityEditorView.swift */ = {isa = PBXFileReference; lastKnownFileType = sourcecode.swift; path = ActivityEditorView.swift; sourceTree = "<group>"; };
		100000000000000000000083 /* LogSentEmailView.swift */ = {isa = PBXFileReference; lastKnownFileType = sourcecode.swift; path = LogSentEmailView.swift; sourceTree = "<group>"; };
		100000000000000000000084 /* ApplicationTimelineView.swift */ = {isa = PBXFileReference; lastKnownFileType = sourcecode.swift; path = ApplicationTimelineView.swift; sourceTree = "<group>"; };
		100000000000000000000085 /* ApplicationContactsSection.swift */ = {isa = PBXFileReference; lastKnownFileType = sourcecode.swift; path = ApplicationContactsSection.swift; sourceTree = "<group>"; };
		A01000000000000000000010 /* SafariWebExtensionHandler.swift */ = {isa = PBXFileReference; lastKnownFileType = sourcecode.swift; path = SafariWebExtensionHandler.swift; sourceTree = "<group>"; };
		A01000000000000000000020 /* manifest.json */ = {isa = PBXFileReference; lastKnownFileType = text.json; path = manifest.json; sourceTree = "<group>"; };
		A01000000000000000000030 /* content.js */ = {isa = PBXFileReference; lastKnownFileType = sourcecode.javascript; path = content.js; sourceTree = "<group>"; };
		A01000000000000000000040 /* background.js */ = {isa = PBXFileReference; lastKnownFileType = sourcecode.javascript; path = background.js; sourceTree = "<group>"; };
		A01000000000000000000050 /* popup.html */ = {isa = PBXFileReference; lastKnownFileType = text.html; path = popup.html; sourceTree = "<group>"; };
		A01000000000000000000060 /* popup.js */ = {isa = PBXFileReference; lastKnownFileType = sourcecode.javascript; path = popup.js; sourceTree = "<group>"; };
		A01000000000000000000070 /* popup.css */ = {isa = PBXFileReference; lastKnownFileType = text.css; path = popup.css; sourceTree = "<group>"; };
		A010000000000000000000D0 /* icon-16.png */ = {isa = PBXFileReference; lastKnownFileType = image.png; path = "icon-16.png"; sourceTree = "<group>"; };
		A010000000000000000000E0 /* icon-48.png */ = {isa = PBXFileReference; lastKnownFileType = image.png; path = "icon-48.png"; sourceTree = "<group>"; };
		A010000000000000000000F0 /* icon-128.png */ = {isa = PBXFileReference; lastKnownFileType = image.png; path = "icon-128.png"; sourceTree = "<group>"; };
		A01000000000000000000080 /* Info.plist */ = {isa = PBXFileReference; lastKnownFileType = text.plist.xml; path = Info.plist; sourceTree = "<group>"; };
		A01000000000000000000090 /* PipelineSafariExtension.entitlements */ = {isa = PBXFileReference; lastKnownFileType = text.plist.entitlements; path = PipelineSafariExtension.entitlements; sourceTree = "<group>"; };
		A01000000000000000000100 /* SafariServices.framework */ = {isa = PBXFileReference; lastKnownFileType = wrapper.framework; name = SafariServices.framework; path = System/Library/Frameworks/SafariServices.framework; sourceTree = SDKROOT; };
		A01000000000000000000200 /* PipelineSafariExtension.appex */ = {isa = PBXFileReference; explicitFileType = "wrapper.app-extension"; includeInIndex = 0; path = PipelineSafariExtension.appex; sourceTree = BUILT_PRODUCTS_DIR; };
		B01000000000000000000010 /* main.swift */ = {isa = PBXFileReference; lastKnownFileType = sourcecode.swift; path = main.swift; sourceTree = "<group>"; };
		B01000000000000000000020 /* NativeMessageHandler.swift */ = {isa = PBXFileReference; lastKnownFileType = sourcecode.swift; path = NativeMessageHandler.swift; sourceTree = "<group>"; };
		B01000000000000000000200 /* PipelineNativeHost */ = {isa = PBXFileReference; explicitFileType = "compiled.mach-o.executable"; includeInIndex = 0; path = PipelineNativeHost; sourceTree = BUILT_PRODUCTS_DIR; };
/* End PBXFileReference section */

/* Begin PBXFrameworksBuildPhase section */
		200000000000000000000001 /* Frameworks */ = {
			isa = PBXFrameworksBuildPhase;
			buildActionMask = 2147483647;
			files = (
				800000000000000000000001 /* PipelineKit in Frameworks */,
			);
			runOnlyForDeploymentPostprocessing = 0;
		};
		A04000000000000000000020 /* Frameworks */ = {
			isa = PBXFrameworksBuildPhase;
			buildActionMask = 2147483647;
			files = (
				A00000000000000000000080 /* SafariServices.framework in Frameworks */,
				A00000000000000000000090 /* PipelineKit in Frameworks */,
			);
			runOnlyForDeploymentPostprocessing = 0;
		};
		B04000000000000000000020 /* Frameworks */ = {
			isa = PBXFrameworksBuildPhase;
			buildActionMask = 2147483647;
			files = (
				B00000000000000000000030 /* PipelineKit in Frameworks */,
			);
			runOnlyForDeploymentPostprocessing = 0;
		};
/* End PBXFrameworksBuildPhase section */

/* Begin PBXGroup section */
		300000000000000000000001 = {
			isa = PBXGroup;
			children = (
				300000000000000000000002 /* Pipeline */,
				A03000000000000000000010 /* PipelineSafariExtension */,
				B03000000000000000000010 /* PipelineNativeHost */,
				300000000000000000000003 /* Products */,
				A03000000000000000000030 /* Frameworks */,
			);
			sourceTree = "<group>";
		};
		300000000000000000000002 /* Pipeline */ = {
			isa = PBXGroup;
			children = (
				100000000000000000000001 /* PipelineApp.swift */,
				100000000000000000000002 /* ContentView.swift */,
				300000000000000000000004 /* Models */,
				300000000000000000000005 /* ViewModels */,
				300000000000000000000006 /* Views */,
				300000000000000000000007 /* Services */,
				300000000000000000000008 /* Utilities */,
				300000000000000000000009 /* Resources */,
				100000000000000000000055 /* Pipeline.entitlements */,
			);
			name = Pipeline;
			sourceTree = "<group>";
		};
		300000000000000000000003 /* Products */ = {
			isa = PBXGroup;
			children = (
				100000000000000000000000 /* Pipeline.app */,
				A01000000000000000000200 /* PipelineSafariExtension.appex */,
				B01000000000000000000200 /* PipelineNativeHost */,
			);
			name = Products;
			sourceTree = "<group>";
		};
		300000000000000000000004 /* Models */ = {
			isa = PBXGroup;
			children = (
				100000000000000000000004 /* JobApplication.swift */,
				100000000000000000000005 /* InterviewLog.swift */,
				100000000000000000000006 /* SidebarFilter.swift */,
				100000000000000000000076 /* MainDestination.swift */,
			);
			path = Models;
			sourceTree = "<group>";
		};
		300000000000000000000005 /* ViewModels */ = {
			isa = PBXGroup;
			children = (
				100000000000000000000013 /* ApplicationListViewModel.swift */,
				100000000000000000000014 /* ApplicationDetailViewModel.swift */,
				100000000000000000000015 /* AddEditApplicationViewModel.swift */,
				100000000000000000000016 /* SettingsViewModel.swift */,
				100000000000000000000017 /* AIParsingViewModel.swift */,
				100000000000000000000056 /* KanbanViewModel.swift */,
				100000000000000000000060 /* InterviewPrepViewModel.swift */,
				100000000000000000000062 /* FollowUpDrafterViewModel.swift */,
				100000000000000000000064 /* DashboardViewModel.swift */,
				100000000000000000000077 /* ContactsListViewModel.swift */,
			);
			path = ViewModels;
			sourceTree = "<group>";
		};
		300000000000000000000006 /* Views */ = {
			isa = PBXGroup;
			children = (
				300000000000000000000011 /* Main */,
				300000000000000000000012 /* JobCard */,
				300000000000000000000013 /* Detail */,
				300000000000000000000014 /* Forms */,
				300000000000000000000015 /* Settings */,
				300000000000000000000016 /* Components */,
				300000000000000000000018 /* Kanban */,
				300000000000000000000019 /* Contacts */,
			);
			path = Views;
			sourceTree = "<group>";
		};
		300000000000000000000007 /* Services */ = {
			isa = PBXGroup;
			children = (
				300000000000000000000017 /* AIService */,
				100000000000000000000048 /* KeychainService.swift */,
				100000000000000000000050 /* PlatformDetectionService.swift */,
				100000000000000000000051 /* NotificationService.swift */,
				100000000000000000000067 /* ResumeServices.swift */,
				100000000000000000000071 /* AIUsageLedgerService.swift */,
			);
			path = Services;
			sourceTree = "<group>";
		};
		300000000000000000000008 /* Utilities */ = {
			isa = PBXGroup;
			children = (
				100000000000000000000052 /* DateFormatters.swift */,
				100000000000000000000053 /* URLHelpers.swift */,
				100000000000000000000054 /* Constants.swift */,
				100000000000000000000072 /* AIPricingDefaults.swift */,
			);
			path = Utilities;
			sourceTree = "<group>";
		};
		300000000000000000000009 /* Resources */ = {
			isa = PBXGroup;
			children = (
				100000000000000000000003 /* Assets.xcassets */,
				100000000000000000000068 /* ResumeTemplate.json */,
				100000000000000000000069 /* ResumeFonts */,
				100000000000000000000074 /* tectonic */,
				100000000000000000000075 /* ResumeTemplate.tex */,
			);
			path = Resources;
			sourceTree = "<group>";
		};
		300000000000000000000011 /* Main */ = {
			isa = PBXGroup;
			children = (
				100000000000000000000018 /* MainView.swift */,
				100000000000000000000019 /* SidebarView.swift */,
				100000000000000000000020 /* ApplicationListView.swift */,
				100000000000000000000021 /* StatsBarView.swift */,
				100000000000000000000065 /* DashboardView.swift */,
				100000000000000000000073 /* CostCenterView.swift */,
				100000000000000000000066 /* ResumeWorkspaceView.swift */,
			);
			path = Main;
			sourceTree = "<group>";
		};
		300000000000000000000012 /* JobCard */ = {
			isa = PBXGroup;
			children = (
				100000000000000000000022 /* JobCardView.swift */,
			);
			path = JobCard;
			sourceTree = "<group>";
		};
		300000000000000000000013 /* Detail */ = {
			isa = PBXGroup;
			children = (
				100000000000000000000023 /* JobDetailView.swift */,
				100000000000000000000024 /* JobDetailHeaderView.swift */,
				100000000000000000000025 /* JobDetailFieldsView.swift */,
				100000000000000000000026 /* InterviewStageIndicator.swift */,
				100000000000000000000027 /* JobDescriptionView.swift */,
				100000000000000000000028 /* InterviewHistoryView.swift */,
				100000000000000000000061 /* InterviewPrepView.swift */,
				100000000000000000000063 /* FollowUpDrafterView.swift */,
				100000000000000000000084 /* ApplicationTimelineView.swift */,
				100000000000000000000085 /* ApplicationContactsSection.swift */,
			);
			path = Detail;
			sourceTree = "<group>";
		};
		300000000000000000000014 /* Forms */ = {
			isa = PBXGroup;
			children = (
				100000000000000000000029 /* AddApplicationView.swift */,
				100000000000000000000030 /* ManualEntryFormView.swift */,
				100000000000000000000031 /* AIParseFormView.swift */,
				100000000000000000000032 /* EditApplicationView.swift */,
				100000000000000000000033 /* AddInterviewLogView.swift */,
				100000000000000000000080 /* ContactEditorView.swift */,
				100000000000000000000081 /* ManageApplicationContactsView.swift */,
				100000000000000000000082 /* ActivityEditorView.swift */,
				100000000000000000000083 /* LogSentEmailView.swift */,
			);
			path = Forms;
			sourceTree = "<group>";
		};
		300000000000000000000015 /* Settings */ = {
			isa = PBXGroup;
			children = (
				100000000000000000000034 /* SettingsView.swift */,
				100000000000000000000035 /* AppearanceSettingsView.swift */,
				100000000000000000000036 /* AIProviderSettingsView.swift */,
			);
			path = Settings;
			sourceTree = "<group>";
		};
		300000000000000000000016 /* Components */ = {
			isa = PBXGroup;
			children = (
				100000000000000000000037 /* StatusBadge.swift */,
				100000000000000000000038 /* PriorityFlag.swift */,
				100000000000000000000039 /* PlatformIcon.swift */,
				100000000000000000000040 /* CompanyAvatar.swift */,
				100000000000000000000041 /* SearchBar.swift */,
				100000000000000000000042 /* StarRating.swift */,
				100000000000000000000043 /* SalaryRangeDisplay.swift */,
				100000000000000000000070 /* ChainedVerticalScrollContainer.swift */,
			);
			path = Components;
			sourceTree = "<group>";
		};
		300000000000000000000017 /* AIService */ = {
			isa = PBXGroup;
			children = (
				100000000000000000000044 /* AIServiceProtocol.swift */,
				100000000000000000000045 /* OpenAIService.swift */,
				100000000000000000000046 /* AnthropicService.swift */,
				100000000000000000000047 /* GeminiService.swift */,
			);
			path = AIService;
			sourceTree = "<group>";
		};
		300000000000000000000018 /* Kanban */ = {
			isa = PBXGroup;
			children = (
				100000000000000000000057 /* KanbanCardView.swift */,
				100000000000000000000058 /* KanbanColumnView.swift */,
				100000000000000000000059 /* KanbanBoardView.swift */,
			);
			path = Kanban;
			sourceTree = "<group>";
		};
		300000000000000000000019 /* Contacts */ = {
			isa = PBXGroup;
			children = (
				100000000000000000000078 /* ContactsListView.swift */,
				100000000000000000000079 /* ContactDetailView.swift */,
			);
			path = Contacts;
			sourceTree = "<group>";
		};
		A03000000000000000000010 /* PipelineSafariExtension */ = {
			isa = PBXGroup;
			children = (
				A01000000000000000000010 /* SafariWebExtensionHandler.swift */,
				A03000000000000000000020 /* Resources */,
				A01000000000000000000080 /* Info.plist */,
				A01000000000000000000090 /* PipelineSafariExtension.entitlements */,
			);
			path = PipelineSafariExtension;
			sourceTree = "<group>";
		};
		A03000000000000000000020 /* Resources */ = {
			isa = PBXGroup;
			children = (
				A01000000000000000000020 /* manifest.json */,
				A01000000000000000000030 /* content.js */,
				A01000000000000000000040 /* background.js */,
				A01000000000000000000050 /* popup.html */,
				A01000000000000000000060 /* popup.js */,
				A01000000000000000000070 /* popup.css */,
				A010000000000000000000D0 /* icon-16.png */,
				A010000000000000000000E0 /* icon-48.png */,
				A010000000000000000000F0 /* icon-128.png */,
			);
			path = Resources;
			sourceTree = "<group>";
		};
		A03000000000000000000030 /* Frameworks */ = {
			isa = PBXGroup;
			children = (
				A01000000000000000000100 /* SafariServices.framework */,
			);
			name = Frameworks;
			sourceTree = "<group>";
		};
		B03000000000000000000010 /* PipelineNativeHost */ = {
			isa = PBXGroup;
			children = (
				B01000000000000000000010 /* main.swift */,
				B01000000000000000000020 /* NativeMessageHandler.swift */,
			);
			path = PipelineNativeHost;
			sourceTree = "<group>";
		};
/* End PBXGroup section */

/* Begin PBXNativeTarget section */
		400000000000000000000001 /* Pipeline */ = {
			isa = PBXNativeTarget;
			buildConfigurationList = 500000000000000000000001 /* Build configuration list for PBXNativeTarget "Pipeline" */;
			buildPhases = (
				400000000000000000000002 /* Sources */,
				200000000000000000000001 /* Frameworks */,
				400000000000000000000003 /* Resources */,
				C00000000000000000000001 /* Codesign Tectonic */,
				A04000000000000000000100 /* Embed App Extensions */,
				B04000000000000000000100 /* Embed Executables */,
			);
			buildRules = (
			);
			dependencies = (
				A06000000000000000000010 /* PBXTargetDependency */,
				B06000000000000000000010 /* PBXTargetDependency */,
			);
			name = Pipeline;
			packageProductDependencies = (
				900000000000000000000001 /* PipelineKit */,
			);
			productName = Pipeline;
			productReference = 100000000000000000000000 /* Pipeline.app */;
			productType = "com.apple.product-type.application";
		};
		A04000000000000000010010 /* PipelineSafariExtension */ = {
			isa = PBXNativeTarget;
			buildConfigurationList = A05000000000000000000010 /* Build configuration list for PBXNativeTarget "PipelineSafariExtension" */;
			buildPhases = (
				A04000000000000000000010 /* Sources */,
				A04000000000000000000020 /* Frameworks */,
				A04000000000000000000030 /* Resources */,
			);
			buildRules = (
			);
			dependencies = (
			);
			name = PipelineSafariExtension;
			packageProductDependencies = (
				A09000000000000000000010 /* PipelineKit */,
			);
			productName = PipelineSafariExtension;
			productReference = A01000000000000000000200 /* PipelineSafariExtension.appex */;
			productType = "com.apple.product-type.app-extension";
		};
		B04000000000000000010010 /* PipelineNativeHost */ = {
			isa = PBXNativeTarget;
			buildConfigurationList = B05000000000000000000010 /* Build configuration list for PBXNativeTarget "PipelineNativeHost" */;
			buildPhases = (
				B04000000000000000000010 /* Sources */,
				B04000000000000000000020 /* Frameworks */,
			);
			buildRules = (
			);
			dependencies = (
			);
			name = PipelineNativeHost;
			packageProductDependencies = (
				B09000000000000000000010 /* PipelineKit */,
			);
			productName = PipelineNativeHost;
			productReference = B01000000000000000000200 /* PipelineNativeHost */;
			productType = "com.apple.product-type.tool";
		};
/* End PBXNativeTarget section */

/* Begin PBXProject section */
		600000000000000000000001 /* Project object */ = {
			isa = PBXProject;
			attributes = {
				BuildIndependentTargetsInParallel = 1;
				LastSwiftUpdateCheck = 1500;
				LastUpgradeCheck = 2620;
				TargetAttributes = {
					400000000000000000000001 = {
						CreatedOnToolsVersion = 15.0;
					};
					A04000000000000000010010 = {
						CreatedOnToolsVersion = 15.0;
					};
					B04000000000000000010010 = {
						CreatedOnToolsVersion = 15.0;
					};
				};
			};
			buildConfigurationList = 500000000000000000000002 /* Build configuration list for PBXProject "Pipeline" */;
			compatibilityVersion = "Xcode 14.0";
			developmentRegion = en;
			hasScannedForEncodings = 0;
			knownRegions = (
				en,
				Base,
			);
			mainGroup = 300000000000000000000001;
			packageReferences = (
				A00000000000000000000001 /* XCLocalSwiftPackageReference "../PipelineKit" */,
			);
			productRefGroup = 300000000000000000000003 /* Products */;
			projectDirPath = "";
			projectRoot = "";
			targets = (
				400000000000000000000001 /* Pipeline */,
				A04000000000000000010010 /* PipelineSafariExtension */,
				B04000000000000000010010 /* PipelineNativeHost */,
			);
		};
/* End PBXProject section */

/* Begin PBXResourcesBuildPhase section */
		400000000000000000000003 /* Resources */ = {
			isa = PBXResourcesBuildPhase;
			buildActionMask = 2147483647;
			files = (
				000000000000000000000003 /* Assets.xcassets in Resources */,
				000000000000000000000068 /* ResumeTemplate.json in Resources */,
				000000000000000000000069 /* ResumeFonts in Resources */,
				000000000000000000000074 /* tectonic in Resources */,
				000000000000000000000075 /* ResumeTemplate.tex in Resources */,
			);
			runOnlyForDeploymentPostprocessing = 0;
		};
		A04000000000000000000030 /* Resources */ = {
			isa = PBXResourcesBuildPhase;
			buildActionMask = 2147483647;
			files = (
				A00000000000000000000020 /* manifest.json in Resources */,
				A00000000000000000000030 /* content.js in Resources */,
				A00000000000000000000040 /* background.js in Resources */,
				A00000000000000000000050 /* popup.html in Resources */,
				A00000000000000000000060 /* popup.js in Resources */,
				A00000000000000000000070 /* popup.css in Resources */,
				A000000000000000000000B0 /* icon-16.png in Resources */,
				A000000000000000000000C0 /* icon-48.png in Resources */,
				A000000000000000000000D0 /* icon-128.png in Resources */,
			);
			runOnlyForDeploymentPostprocessing = 0;
		};
/* End PBXResourcesBuildPhase section */

/* Begin PBXShellScriptBuildPhase section */
		C00000000000000000000001 /* Codesign Tectonic */ = {
			isa = PBXShellScriptBuildPhase;
			alwaysOutOfDate = 1;
			buildActionMask = 2147483647;
			files = (
			);
			inputFileListPaths = (
			);
			inputPaths = (
			);
			name = "Codesign Tectonic";
			outputFileListPaths = (
			);
			outputPaths = (
			);
			runOnlyForDeploymentPostprocessing = 0;
			shellPath = /bin/sh;
			shellScript = "TECTONIC_PATH=\"$BUILT_PRODUCTS_DIR/$CONTENTS_FOLDER_PATH/Resources/tectonic\"\nif [ -f \"$TECTONIC_PATH\" ]; then\n  codesign --force --sign - \"$TECTONIC_PATH\"\nfi\n";
		};
/* End PBXShellScriptBuildPhase section */

/* Begin PBXSourcesBuildPhase section */
		400000000000000000000002 /* Sources */ = {
			isa = PBXSourcesBuildPhase;
			buildActionMask = 2147483647;
			files = (
				000000000000000000000001 /* PipelineApp.swift in Sources */,
				000000000000000000000002 /* ContentView.swift in Sources */,
				000000000000000000000004 /* JobApplication.swift in Sources */,
				000000000000000000000005 /* InterviewLog.swift in Sources */,
				000000000000000000000006 /* SidebarFilter.swift in Sources */,
				000000000000000000000076 /* MainDestination.swift in Sources */,
				000000000000000000000013 /* ApplicationListViewModel.swift in Sources */,
				000000000000000000000014 /* ApplicationDetailViewModel.swift in Sources */,
				000000000000000000000015 /* AddEditApplicationViewModel.swift in Sources */,
				000000000000000000000016 /* SettingsViewModel.swift in Sources */,
				000000000000000000000017 /* AIParsingViewModel.swift in Sources */,
				000000000000000000000056 /* KanbanViewModel.swift in Sources */,
				000000000000000000000060 /* InterviewPrepViewModel.swift in Sources */,
				000000000000000000000062 /* FollowUpDrafterViewModel.swift in Sources */,
				000000000000000000000064 /* DashboardViewModel.swift in Sources */,
				000000000000000000000077 /* ContactsListViewModel.swift in Sources */,
				000000000000000000000018 /* MainView.swift in Sources */,
				000000000000000000000019 /* SidebarView.swift in Sources */,
				000000000000000000000020 /* ApplicationListView.swift in Sources */,
				000000000000000000000021 /* StatsBarView.swift in Sources */,
				000000000000000000000065 /* DashboardView.swift in Sources */,
				000000000000000000000073 /* CostCenterView.swift in Sources */,
				000000000000000000000066 /* ResumeWorkspaceView.swift in Sources */,
				000000000000000000000078 /* ContactsListView.swift in Sources */,
				000000000000000000000079 /* ContactDetailView.swift in Sources */,
				000000000000000000000022 /* JobCardView.swift in Sources */,
				000000000000000000000057 /* KanbanCardView.swift in Sources */,
				000000000000000000000058 /* KanbanColumnView.swift in Sources */,
				000000000000000000000059 /* KanbanBoardView.swift in Sources */,
				000000000000000000000023 /* JobDetailView.swift in Sources */,
				000000000000000000000024 /* JobDetailHeaderView.swift in Sources */,
				000000000000000000000025 /* JobDetailFieldsView.swift in Sources */,
				000000000000000000000026 /* InterviewStageIndicator.swift in Sources */,
				000000000000000000000027 /* JobDescriptionView.swift in Sources */,
				000000000000000000000028 /* InterviewHistoryView.swift in Sources */,
				000000000000000000000061 /* InterviewPrepView.swift in Sources */,
				000000000000000000000063 /* FollowUpDrafterView.swift in Sources */,
				000000000000000000000084 /* ApplicationTimelineView.swift in Sources */,
				000000000000000000000085 /* ApplicationContactsSection.swift in Sources */,
				000000000000000000000029 /* AddApplicationView.swift in Sources */,
				000000000000000000000030 /* ManualEntryFormView.swift in Sources */,
				000000000000000000000031 /* AIParseFormView.swift in Sources */,
				000000000000000000000032 /* EditApplicationView.swift in Sources */,
				000000000000000000000033 /* AddInterviewLogView.swift in Sources */,
				000000000000000000000080 /* ContactEditorView.swift in Sources */,
				000000000000000000000081 /* ManageApplicationContactsView.swift in Sources */,
				000000000000000000000082 /* ActivityEditorView.swift in Sources */,
				000000000000000000000083 /* LogSentEmailView.swift in Sources */,
				000000000000000000000034 /* SettingsView.swift in Sources */,
				000000000000000000000035 /* AppearanceSettingsView.swift in Sources */,
				000000000000000000000036 /* AIProviderSettingsView.swift in Sources */,
				000000000000000000000037 /* StatusBadge.swift in Sources */,
				000000000000000000000038 /* PriorityFlag.swift in Sources */,
				000000000000000000000039 /* PlatformIcon.swift in Sources */,
				000000000000000000000040 /* CompanyAvatar.swift in Sources */,
				000000000000000000000041 /* SearchBar.swift in Sources */,
				000000000000000000000042 /* StarRating.swift in Sources */,
				000000000000000000000043 /* SalaryRangeDisplay.swift in Sources */,
				000000000000000000000070 /* ChainedVerticalScrollContainer.swift in Sources */,
				000000000000000000000044 /* AIServiceProtocol.swift in Sources */,
				000000000000000000000045 /* OpenAIService.swift in Sources */,
				000000000000000000000046 /* AnthropicService.swift in Sources */,
				000000000000000000000047 /* GeminiService.swift in Sources */,
				000000000000000000000048 /* KeychainService.swift in Sources */,
				000000000000000000000050 /* PlatformDetectionService.swift in Sources */,
				000000000000000000000051 /* NotificationService.swift in Sources */,
				000000000000000000000067 /* ResumeServices.swift in Sources */,
				000000000000000000000071 /* AIUsageLedgerService.swift in Sources */,
				000000000000000000000052 /* DateFormatters.swift in Sources */,
				000000000000000000000053 /* URLHelpers.swift in Sources */,
				000000000000000000000054 /* Constants.swift in Sources */,
				000000000000000000000072 /* AIPricingDefaults.swift in Sources */,
			);
			runOnlyForDeploymentPostprocessing = 0;
		};
		A04000000000000000000010 /* Sources */ = {
			isa = PBXSourcesBuildPhase;
			buildActionMask = 2147483647;
			files = (
				A00000000000000000000010 /* SafariWebExtensionHandler.swift in Sources */,
			);
			runOnlyForDeploymentPostprocessing = 0;
		};
		B04000000000000000000010 /* Sources */ = {
			isa = PBXSourcesBuildPhase;
			buildActionMask = 2147483647;
			files = (
				B00000000000000000000010 /* main.swift in Sources */,
				B00000000000000000000020 /* NativeMessageHandler.swift in Sources */,
			);
			runOnlyForDeploymentPostprocessing = 0;
		};
/* End PBXSourcesBuildPhase section */

/* Begin PBXTargetDependency section */
		A06000000000000000000010 /* PBXTargetDependency */ = {
			isa = PBXTargetDependency;
			target = A04000000000000000010010 /* PipelineSafariExtension */;
			targetProxy = A08000000000000000000010 /* PBXContainerItemProxy */;
		};
		B06000000000000000000010 /* PBXTargetDependency */ = {
			isa = PBXTargetDependency;
			target = B04000000000000000010010 /* PipelineNativeHost */;
			targetProxy = B08000000000000000000010 /* PBXContainerItemProxy */;
		};
/* End PBXTargetDependency section */

/* Begin XCBuildConfiguration section */
		700000000000000000000001 /* Debug */ = {
			isa = XCBuildConfiguration;
			buildSettings = {
				ALWAYS_SEARCH_USER_PATHS = NO;
				ASSETCATALOG_COMPILER_GENERATE_SWIFT_ASSET_SYMBOL_EXTENSIONS = YES;
				CLANG_ANALYZER_NONNULL = YES;
				CLANG_ANALYZER_NUMBER_OBJECT_CONVERSION = YES_AGGRESSIVE;
				CLANG_CXX_LANGUAGE_STANDARD = "gnu++20";
				CLANG_ENABLE_MODULES = YES;
				CLANG_ENABLE_OBJC_ARC = YES;
				CLANG_ENABLE_OBJC_WEAK = YES;
				CLANG_WARN_BLOCK_CAPTURE_AUTORELEASING = YES;
				CLANG_WARN_BOOL_CONVERSION = YES;
				CLANG_WARN_COMMA = YES;
				CLANG_WARN_CONSTANT_CONVERSION = YES;
				CLANG_WARN_DEPRECATED_OBJC_IMPLEMENTATIONS = YES;
				CLANG_WARN_DIRECT_OBJC_ISA_USAGE = YES_ERROR;
				CLANG_WARN_DOCUMENTATION_COMMENTS = YES;
				CLANG_WARN_EMPTY_BODY = YES;
				CLANG_WARN_ENUM_CONVERSION = YES;
				CLANG_WARN_INFINITE_RECURSION = YES;
				CLANG_WARN_INT_CONVERSION = YES;
				CLANG_WARN_NON_LITERAL_NULL_CONVERSION = YES;
				CLANG_WARN_OBJC_IMPLICIT_RETAIN_SELF = YES;
				CLANG_WARN_OBJC_LITERAL_CONVERSION = YES;
				CLANG_WARN_OBJC_ROOT_CLASS = YES_ERROR;
				CLANG_WARN_QUOTED_INCLUDE_IN_FRAMEWORK_HEADER = YES;
				CLANG_WARN_RANGE_LOOP_ANALYSIS = YES;
				CLANG_WARN_STRICT_PROTOTYPES = YES;
				CLANG_WARN_SUSPICIOUS_MOVE = YES;
				CLANG_WARN_UNGUARDED_AVAILABILITY = YES_AGGRESSIVE;
				CLANG_WARN_UNREACHABLE_CODE = YES;
				CLANG_WARN__DUPLICATE_METHOD_MATCH = YES;
				COPY_PHASE_STRIP = NO;
				DEAD_CODE_STRIPPING = YES;
				DEBUG_INFORMATION_FORMAT = dwarf;
				DEVELOPMENT_TEAM = N3B962X7RX;
				ENABLE_HARDENED_RUNTIME = YES;
				ENABLE_STRICT_OBJC_MSGSEND = YES;
				ENABLE_TESTABILITY = YES;
				ENABLE_USER_SCRIPT_SANDBOXING = NO;
				GCC_C_LANGUAGE_STANDARD = gnu17;
				GCC_DYNAMIC_NO_PIC = NO;
				GCC_NO_COMMON_BLOCKS = YES;
				GCC_OPTIMIZATION_LEVEL = 0;
				GCC_PREPROCESSOR_DEFINITIONS = (
					"DEBUG=1",
					"$(inherited)",
				);
				GCC_WARN_64_TO_32_BIT_CONVERSION = YES;
				GCC_WARN_ABOUT_RETURN_TYPE = YES_ERROR;
				GCC_WARN_UNDECLARED_SELECTOR = YES;
				GCC_WARN_UNINITIALIZED_AUTOS = YES_AGGRESSIVE;
				GCC_WARN_UNUSED_FUNCTION = YES;
				GCC_WARN_UNUSED_VARIABLE = YES;
				LOCALIZATION_PREFERS_STRING_CATALOGS = YES;
				MTL_ENABLE_DEBUG_INFO = INCLUDE_SOURCE;
				MTL_FAST_MATH = YES;
				ONLY_ACTIVE_ARCH = YES;
				STRING_CATALOG_GENERATE_SYMBOLS = YES;
				SWIFT_ACTIVE_COMPILATION_CONDITIONS = "DEBUG $(inherited)";
				SWIFT_OPTIMIZATION_LEVEL = "-Onone";
			};
			name = Debug;
		};
		700000000000000000000002 /* Release */ = {
			isa = XCBuildConfiguration;
			buildSettings = {
				ALWAYS_SEARCH_USER_PATHS = NO;
				ASSETCATALOG_COMPILER_GENERATE_SWIFT_ASSET_SYMBOL_EXTENSIONS = YES;
				CLANG_ANALYZER_NONNULL = YES;
				CLANG_ANALYZER_NUMBER_OBJECT_CONVERSION = YES_AGGRESSIVE;
				CLANG_CXX_LANGUAGE_STANDARD = "gnu++20";
				CLANG_ENABLE_MODULES = YES;
				CLANG_ENABLE_OBJC_ARC = YES;
				CLANG_ENABLE_OBJC_WEAK = YES;
				CLANG_WARN_BLOCK_CAPTURE_AUTORELEASING = YES;
				CLANG_WARN_BOOL_CONVERSION = YES;
				CLANG_WARN_COMMA = YES;
				CLANG_WARN_CONSTANT_CONVERSION = YES;
				CLANG_WARN_DEPRECATED_OBJC_IMPLEMENTATIONS = YES;
				CLANG_WARN_DIRECT_OBJC_ISA_USAGE = YES_ERROR;
				CLANG_WARN_DOCUMENTATION_COMMENTS = YES;
				CLANG_WARN_EMPTY_BODY = YES;
				CLANG_WARN_ENUM_CONVERSION = YES;
				CLANG_WARN_INFINITE_RECURSION = YES;
				CLANG_WARN_INT_CONVERSION = YES;
				CLANG_WARN_NON_LITERAL_NULL_CONVERSION = YES;
				CLANG_WARN_OBJC_IMPLICIT_RETAIN_SELF = YES;
				CLANG_WARN_OBJC_LITERAL_CONVERSION = YES;
				CLANG_WARN_OBJC_ROOT_CLASS = YES_ERROR;
				CLANG_WARN_QUOTED_INCLUDE_IN_FRAMEWORK_HEADER = YES;
				CLANG_WARN_RANGE_LOOP_ANALYSIS = YES;
				CLANG_WARN_STRICT_PROTOTYPES = YES;
				CLANG_WARN_SUSPICIOUS_MOVE = YES;
				CLANG_WARN_UNGUARDED_AVAILABILITY = YES_AGGRESSIVE;
				CLANG_WARN_UNREACHABLE_CODE = YES;
				CLANG_WARN__DUPLICATE_METHOD_MATCH = YES;
				COPY_PHASE_STRIP = NO;
				DEAD_CODE_STRIPPING = YES;
				DEBUG_INFORMATION_FORMAT = "dwarf-with-dsym";
				DEVELOPMENT_TEAM = N3B962X7RX;
				ENABLE_HARDENED_RUNTIME = YES;
				ENABLE_NS_ASSERTIONS = NO;
				ENABLE_STRICT_OBJC_MSGSEND = YES;
				ENABLE_USER_SCRIPT_SANDBOXING = NO;
				GCC_C_LANGUAGE_STANDARD = gnu17;
				GCC_NO_COMMON_BLOCKS = YES;
				GCC_WARN_64_TO_32_BIT_CONVERSION = YES;
				GCC_WARN_ABOUT_RETURN_TYPE = YES_ERROR;
				GCC_WARN_UNDECLARED_SELECTOR = YES;
				GCC_WARN_UNINITIALIZED_AUTOS = YES_AGGRESSIVE;
				GCC_WARN_UNUSED_FUNCTION = YES;
				GCC_WARN_UNUSED_VARIABLE = YES;
				LOCALIZATION_PREFERS_STRING_CATALOGS = YES;
				MTL_ENABLE_DEBUG_INFO = NO;
				MTL_FAST_MATH = YES;
				STRING_CATALOG_GENERATE_SYMBOLS = YES;
				SWIFT_COMPILATION_MODE = wholemodule;
			};
			name = Release;
		};
		700000000000000000000003 /* Debug */ = {
			isa = XCBuildConfiguration;
			buildSettings = {
				ASSETCATALOG_COMPILER_APPICON_NAME = AppIcon;
				ASSETCATALOG_COMPILER_GLOBAL_ACCENT_COLOR_NAME = AccentColor;
				CODE_SIGN_ENTITLEMENTS = Pipeline.CloudKit.iOS.entitlements;
				"CODE_SIGN_ENTITLEMENTS[sdk=iphoneos*]" = Pipeline.CloudKit.iOS.entitlements;
				"CODE_SIGN_ENTITLEMENTS[sdk=iphonesimulator*]" = Pipeline.CloudKit.iOS.entitlements;
				"CODE_SIGN_ENTITLEMENTS[sdk=macosx*]" = Pipeline.CloudKit.entitlements;
				CODE_SIGN_IDENTITY = "Apple Development";
				CODE_SIGN_STYLE = Automatic;
				CURRENT_PROJECT_VERSION = 0703;
				DEAD_CODE_STRIPPING = YES;
				DEVELOPMENT_ASSET_PATHS = "";
				DEVELOPMENT_TEAM = N3B962X7RX;
				ENABLE_APP_SANDBOX = YES;
				ENABLE_HARDENED_RUNTIME = YES;
				ENABLE_OUTGOING_NETWORK_CONNECTIONS = YES;
				ENABLE_PREVIEWS = YES;
				ENABLE_USER_SELECTED_FILES = readonly;
				GENERATE_INFOPLIST_FILE = YES;
				INFOPLIST_KEY_LSApplicationCategoryType = "public.app-category.productivity";
				"INFOPLIST_KEY_UIApplicationSceneManifest_Generation[sdk=iphoneos*]" = YES;
				"INFOPLIST_KEY_UIApplicationSceneManifest_Generation[sdk=iphonesimulator*]" = YES;
				"INFOPLIST_KEY_UIApplicationSupportsIndirectInputEvents[sdk=iphoneos*]" = YES;
				"INFOPLIST_KEY_UIApplicationSupportsIndirectInputEvents[sdk=iphonesimulator*]" = YES;
				"INFOPLIST_KEY_UILaunchScreen_Generation[sdk=iphoneos*]" = YES;
				"INFOPLIST_KEY_UILaunchScreen_Generation[sdk=iphonesimulator*]" = YES;
				"INFOPLIST_KEY_UIStatusBarStyle[sdk=iphoneos*]" = UIStatusBarStyleDefault;
				"INFOPLIST_KEY_UIStatusBarStyle[sdk=iphonesimulator*]" = UIStatusBarStyleDefault;
				INFOPLIST_KEY_UISupportedInterfaceOrientations_iPad = "UIInterfaceOrientationPortrait UIInterfaceOrientationPortraitUpsideDown UIInterfaceOrientationLandscapeLeft UIInterfaceOrientationLandscapeRight";
				INFOPLIST_KEY_UISupportedInterfaceOrientations_iPhone = "UIInterfaceOrientationPortrait UIInterfaceOrientationLandscapeLeft UIInterfaceOrientationLandscapeRight";
				IPHONEOS_DEPLOYMENT_TARGET = 17.0;
				LD_RUNPATH_SEARCH_PATHS = "@executable_path/Frameworks";
				"LD_RUNPATH_SEARCH_PATHS[sdk=macosx*]" = "@executable_path/../Frameworks";
				MACOSX_DEPLOYMENT_TARGET = 14.0;
				MARKETING_VERSION = 0.2;
				PRODUCT_BUNDLE_IDENTIFIER = io.github.digitaltracer.pipeline;
				PRODUCT_NAME = "$(TARGET_NAME)";
				PROVISIONING_PROFILE_SPECIFIER = "";
				SDKROOT = auto;
				SUPPORTED_PLATFORMS = "iphoneos iphonesimulator macosx";
				SWIFT_EMIT_LOC_STRINGS = YES;
				SWIFT_VERSION = 5.0;
				TARGETED_DEVICE_FAMILY = "1,2";
			};
			name = Debug;
		};
		700000000000000000000004 /* Release */ = {
			isa = XCBuildConfiguration;
			buildSettings = {
				ASSETCATALOG_COMPILER_APPICON_NAME = AppIcon;
				ASSETCATALOG_COMPILER_GLOBAL_ACCENT_COLOR_NAME = AccentColor;
				CODE_SIGN_ENTITLEMENTS = Pipeline.CloudKit.iOS.entitlements;
				"CODE_SIGN_ENTITLEMENTS[sdk=iphoneos*]" = Pipeline.CloudKit.iOS.entitlements;
				"CODE_SIGN_ENTITLEMENTS[sdk=iphonesimulator*]" = Pipeline.CloudKit.iOS.entitlements;
				"CODE_SIGN_ENTITLEMENTS[sdk=macosx*]" = Pipeline.CloudKit.entitlements;
				CODE_SIGN_IDENTITY = "Apple Development";
				CODE_SIGN_STYLE = Automatic;
				CURRENT_PROJECT_VERSION = 0703;
				DEAD_CODE_STRIPPING = YES;
				DEVELOPMENT_ASSET_PATHS = "";
				DEVELOPMENT_TEAM = N3B962X7RX;
				ENABLE_APP_SANDBOX = YES;
				ENABLE_HARDENED_RUNTIME = YES;
				ENABLE_OUTGOING_NETWORK_CONNECTIONS = YES;
				ENABLE_PREVIEWS = YES;
				ENABLE_USER_SELECTED_FILES = readonly;
				GENERATE_INFOPLIST_FILE = YES;
				INFOPLIST_KEY_LSApplicationCategoryType = "public.app-category.productivity";
				"INFOPLIST_KEY_UIApplicationSceneManifest_Generation[sdk=iphoneos*]" = YES;
				"INFOPLIST_KEY_UIApplicationSceneManifest_Generation[sdk=iphonesimulator*]" = YES;
				"INFOPLIST_KEY_UIApplicationSupportsIndirectInputEvents[sdk=iphoneos*]" = YES;
				"INFOPLIST_KEY_UIApplicationSupportsIndirectInputEvents[sdk=iphonesimulator*]" = YES;
				"INFOPLIST_KEY_UILaunchScreen_Generation[sdk=iphoneos*]" = YES;
				"INFOPLIST_KEY_UILaunchScreen_Generation[sdk=iphonesimulator*]" = YES;
				"INFOPLIST_KEY_UIStatusBarStyle[sdk=iphoneos*]" = UIStatusBarStyleDefault;
				"INFOPLIST_KEY_UIStatusBarStyle[sdk=iphonesimulator*]" = UIStatusBarStyleDefault;
				INFOPLIST_KEY_UISupportedInterfaceOrientations_iPad = "UIInterfaceOrientationPortrait UIInterfaceOrientationPortraitUpsideDown UIInterfaceOrientationLandscapeLeft UIInterfaceOrientationLandscapeRight";
				INFOPLIST_KEY_UISupportedInterfaceOrientations_iPhone = "UIInterfaceOrientationPortrait UIInterfaceOrientationLandscapeLeft UIInterfaceOrientationLandscapeRight";
				IPHONEOS_DEPLOYMENT_TARGET = 17.0;
				LD_RUNPATH_SEARCH_PATHS = "@executable_path/Frameworks";
				"LD_RUNPATH_SEARCH_PATHS[sdk=macosx*]" = "@executable_path/../Frameworks";
				MACOSX_DEPLOYMENT_TARGET = 14.0;
				MARKETING_VERSION = 0.2;
				PRODUCT_BUNDLE_IDENTIFIER = io.github.digitaltracer.pipeline;
				PRODUCT_NAME = "$(TARGET_NAME)";
				PROVISIONING_PROFILE_SPECIFIER = "";
				SDKROOT = auto;
				SUPPORTED_PLATFORMS = "iphoneos iphonesimulator macosx";
				SWIFT_EMIT_LOC_STRINGS = YES;
				SWIFT_VERSION = 5.0;
				TARGETED_DEVICE_FAMILY = "1,2";
			};
			name = Release;
		};
		A07000000000000000000010 /* Debug */ = {
			isa = XCBuildConfiguration;
			buildSettings = {
				CODE_SIGN_ENTITLEMENTS = PipelineSafariExtension/PipelineSafariExtension.entitlements;
				CODE_SIGN_STYLE = Automatic;
				CURRENT_PROJECT_VERSION = 0703;
				DEAD_CODE_STRIPPING = YES;
				DEVELOPMENT_TEAM = N3B962X7RX;
				GENERATE_INFOPLIST_FILE = YES;
				INFOPLIST_FILE = PipelineSafariExtension/Info.plist;
				INFOPLIST_KEY_CFBundleDisplayName = PipelineSafariExtension;
				INFOPLIST_KEY_NSHumanReadableCopyright = "";
				LD_RUNPATH_SEARCH_PATHS = (
					"$(inherited)",
					"@executable_path/../Frameworks",
					"@executable_path/../../../../Frameworks",
				);
				MACOSX_DEPLOYMENT_TARGET = 14.0;
				MARKETING_VERSION = 0.2;
				PRODUCT_BUNDLE_IDENTIFIER = "io.github.digitaltracer.pipeline.safari-extension";
				PRODUCT_NAME = "$(TARGET_NAME)";
				SDKROOT = macosx;
				SKIP_INSTALL = YES;
				SWIFT_EMIT_LOC_STRINGS = YES;
				SWIFT_VERSION = 5.0;
			};
			name = Debug;
		};
		A07000000000000000000020 /* Release */ = {
			isa = XCBuildConfiguration;
			buildSettings = {
				CODE_SIGN_ENTITLEMENTS = PipelineSafariExtension/PipelineSafariExtension.entitlements;
				CODE_SIGN_STYLE = Automatic;
				CURRENT_PROJECT_VERSION = 0703;
				DEAD_CODE_STRIPPING = YES;
				DEVELOPMENT_TEAM = N3B962X7RX;
				GENERATE_INFOPLIST_FILE = YES;
				INFOPLIST_FILE = PipelineSafariExtension/Info.plist;
				INFOPLIST_KEY_CFBundleDisplayName = PipelineSafariExtension;
				INFOPLIST_KEY_NSHumanReadableCopyright = "";
				LD_RUNPATH_SEARCH_PATHS = (
					"$(inherited)",
					"@executable_path/../Frameworks",
					"@executable_path/../../../../Frameworks",
				);
				MACOSX_DEPLOYMENT_TARGET = 14.0;
				MARKETING_VERSION = 0.2;
				PRODUCT_BUNDLE_IDENTIFIER = "io.github.digitaltracer.pipeline.safari-extension";
				PRODUCT_NAME = "$(TARGET_NAME)";
				SDKROOT = macosx;
				SKIP_INSTALL = YES;
				SWIFT_EMIT_LOC_STRINGS = YES;
				SWIFT_VERSION = 5.0;
			};
			name = Release;
		};
		B07000000000000000000010 /* Debug */ = {
			isa = XCBuildConfiguration;
			buildSettings = {
				CODE_SIGN_ALLOW_ENTITLEMENTS_MODIFICATION = YES;
				CODE_SIGN_ENTITLEMENTS = PipelineNativeHost/PipelineNativeHost.entitlements;
				CODE_SIGN_STYLE = Automatic;
				CREATE_INFOPLIST_SECTION_IN_BINARY = YES;
				CURRENT_PROJECT_VERSION = 0703;
				DEAD_CODE_STRIPPING = YES;
				DEVELOPMENT_TEAM = N3B962X7RX;
				GENERATE_INFOPLIST_FILE = YES;
				MACOSX_DEPLOYMENT_TARGET = 14.0;
				MARKETING_VERSION = 0.2;
				PRODUCT_BUNDLE_IDENTIFIER = "io.github.digitaltracer.pipeline.native-host";
				PRODUCT_NAME = "$(TARGET_NAME)";
				SDKROOT = macosx;
				SKIP_INSTALL = YES;
				SWIFT_EMIT_LOC_STRINGS = YES;
				SWIFT_VERSION = 5.0;
			};
			name = Debug;
		};
		B07000000000000000000020 /* Release */ = {
			isa = XCBuildConfiguration;
			buildSettings = {
				CODE_SIGN_ALLOW_ENTITLEMENTS_MODIFICATION = YES;
				CODE_SIGN_ENTITLEMENTS = PipelineNativeHost/PipelineNativeHost.entitlements;
				CODE_SIGN_STYLE = Automatic;
				CREATE_INFOPLIST_SECTION_IN_BINARY = YES;
				CURRENT_PROJECT_VERSION = 0703;
				DEAD_CODE_STRIPPING = YES;
				DEVELOPMENT_TEAM = N3B962X7RX;
				GENERATE_INFOPLIST_FILE = YES;
				MACOSX_DEPLOYMENT_TARGET = 14.0;
				MARKETING_VERSION = 0.2;
				PRODUCT_BUNDLE_IDENTIFIER = "io.github.digitaltracer.pipeline.native-host";
				PRODUCT_NAME = "$(TARGET_NAME)";
				SDKROOT = macosx;
				SKIP_INSTALL = YES;
				SWIFT_EMIT_LOC_STRINGS = YES;
				SWIFT_VERSION = 5.0;
			};
			name = Release;
		};
/* End XCBuildConfiguration section */

/* Begin XCConfigurationList section */
		500000000000000000000001 /* Build configuration list for PBXNativeTarget "Pipeline" */ = {
			isa = XCConfigurationList;
			buildConfigurations = (
				700000000000000000000003 /* Debug */,
				700000000000000000000004 /* Release */,
			);
			defaultConfigurationIsVisible = 0;
			defaultConfigurationName = Release;
		};
		500000000000000000000002 /* Build configuration list for PBXProject "Pipeline" */ = {
			isa = XCConfigurationList;
			buildConfigurations = (
				700000000000000000000001 /* Debug */,
				700000000000000000000002 /* Release */,
			);
			defaultConfigurationIsVisible = 0;
			defaultConfigurationName = Release;
		};
		A05000000000000000000010 /* Build configuration list for PBXNativeTarget "PipelineSafariExtension" */ = {
			isa = XCConfigurationList;
			buildConfigurations = (
				A07000000000000000000010 /* Debug */,
				A07000000000000000000020 /* Release */,
			);
			defaultConfigurationIsVisible = 0;
			defaultConfigurationName = Release;
		};
		B05000000000000000000010 /* Build configuration list for PBXNativeTarget "PipelineNativeHost" */ = {
			isa = XCConfigurationList;
			buildConfigurations = (
				B07000000000000000000010 /* Debug */,
				B07000000000000000000020 /* Release */,
			);
			defaultConfigurationIsVisible = 0;
			defaultConfigurationName = Release;
		};
/* End XCConfigurationList section */

/* Begin XCLocalSwiftPackageReference section */
		A00000000000000000000001 /* XCLocalSwiftPackageReference "../PipelineKit" */ = {
			isa = XCLocalSwiftPackageReference;
			relativePath = ../PipelineKit;
		};
/* End XCLocalSwiftPackageReference section */

/* Begin XCSwiftPackageProductDependency section */
		900000000000000000000001 /* PipelineKit */ = {
			isa = XCSwiftPackageProductDependency;
			productName = PipelineKit;
		};
		A09000000000000000000010 /* PipelineKit */ = {
			isa = XCSwiftPackageProductDependency;
			productName = PipelineKit;
		};
		B09000000000000000000010 /* PipelineKit */ = {
			isa = XCSwiftPackageProductDependency;
			productName = PipelineKit;
		};
/* End XCSwiftPackageProductDependency section */
	};
	rootObject = 600000000000000000000001 /* Project object */;
}
